// !$*UTF8*$!
{
	archiveVersion = 1;
	classes = {
	};
	objectVersion = 51;
	objects = {

/* Begin PBXBuildFile section */
		8C49D1092439EA5300294355 /* AppDelegate.swift in Sources */ = {isa = PBXBuildFile; fileRef = 8C49D1082439EA5300294355 /* AppDelegate.swift */; };
		8C49D10B2439EA5300294355 /* SceneDelegate.swift in Sources */ = {isa = PBXBuildFile; fileRef = 8C49D10A2439EA5300294355 /* SceneDelegate.swift */; };
		8C49D10D2439EA5300294355 /* ViewController.swift in Sources */ = {isa = PBXBuildFile; fileRef = 8C49D10C2439EA5300294355 /* ViewController.swift */; };
		8C49D1102439EA5300294355 /* Main.storyboard in Resources */ = {isa = PBXBuildFile; fileRef = 8C49D10E2439EA5300294355 /* Main.storyboard */; };
		8C49D1122439EA5700294355 /* Assets.xcassets in Resources */ = {isa = PBXBuildFile; fileRef = 8C49D1112439EA5700294355 /* Assets.xcassets */; };
		8C49D1152439EA5700294355 /* LaunchScreen.storyboard in Resources */ = {isa = PBXBuildFile; fileRef = 8C49D1132439EA5700294355 /* LaunchScreen.storyboard */; };
		8C49D1202439EA5700294355 /* HeadyECommTests.swift in Sources */ = {isa = PBXBuildFile; fileRef = 8C49D11F2439EA5700294355 /* HeadyECommTests.swift */; };
		8C49D12B2439EA5800294355 /* HeadyECommUITests.swift in Sources */ = {isa = PBXBuildFile; fileRef = 8C49D12A2439EA5800294355 /* HeadyECommUITests.swift */; };
		8C571F3A2439FCCF00409DC4 /* Product.swift in Sources */ = {isa = PBXBuildFile; fileRef = 8C571F392439FCCF00409DC4 /* Product.swift */; };
		8C571F3C2439FCED00409DC4 /* Category.swift in Sources */ = {isa = PBXBuildFile; fileRef = 8C571F3B2439FCED00409DC4 /* Category.swift */; };
		8C571F3E2439FD0100409DC4 /* Ranking.swift in Sources */ = {isa = PBXBuildFile; fileRef = 8C571F3D2439FD0100409DC4 /* Ranking.swift */; };
		8C571F402439FD0B00409DC4 /* Variant.swift in Sources */ = {isa = PBXBuildFile; fileRef = 8C571F3F2439FD0B00409DC4 /* Variant.swift */; };
		8CC88210243A032E0090F204 /* Tax.swift in Sources */ = {isa = PBXBuildFile; fileRef = 8CC8820F243A032E0090F204 /* Tax.swift */; };
		8CC88212243A12CA0090F204 /* Inventory.swift in Sources */ = {isa = PBXBuildFile; fileRef = 8CC88211243A12CA0090F204 /* Inventory.swift */; };
		8CC88214243A7D340090F204 /* Operations.swift in Sources */ = {isa = PBXBuildFile; fileRef = 8CC88213243A7D340090F204 /* Operations.swift */; };
		E5BF48B7E801631D72D62FB6 /* Pods_HeadyEComm.framework in Frameworks */ = {isa = PBXBuildFile; fileRef = 5DCCB6BFA7B2D75575ED5BE2 /* Pods_HeadyEComm.framework */; };
/* End PBXBuildFile section */

/* Begin PBXContainerItemProxy section */
		8C49D11C2439EA5700294355 /* PBXContainerItemProxy */ = {
			isa = PBXContainerItemProxy;
			containerPortal = 8C49D0FD2439EA5300294355 /* Project object */;
			proxyType = 1;
			remoteGlobalIDString = 8C49D1042439EA5300294355;
			remoteInfo = HeadyEComm;
		};
		8C49D1272439EA5800294355 /* PBXContainerItemProxy */ = {
			isa = PBXContainerItemProxy;
			containerPortal = 8C49D0FD2439EA5300294355 /* Project object */;
			proxyType = 1;
			remoteGlobalIDString = 8C49D1042439EA5300294355;
			remoteInfo = HeadyEComm;
		};
/* End PBXContainerItemProxy section */

/* Begin PBXFileReference section */
		33C0729CE108DCDFB29EFAF5 /* Pods-HeadyEComm.debug.xcconfig */ = {isa = PBXFileReference; includeInIndex = 1; lastKnownFileType = text.xcconfig; name = "Pods-HeadyEComm.debug.xcconfig"; path = "Target Support Files/Pods-HeadyEComm/Pods-HeadyEComm.debug.xcconfig"; sourceTree = "<group>"; };
		460BC2C2671107BAF891BBFA /* Pods-HeadyEComm.release.xcconfig */ = {isa = PBXFileReference; includeInIndex = 1; lastKnownFileType = text.xcconfig; name = "Pods-HeadyEComm.release.xcconfig"; path = "Target Support Files/Pods-HeadyEComm/Pods-HeadyEComm.release.xcconfig"; sourceTree = "<group>"; };
		5DCCB6BFA7B2D75575ED5BE2 /* Pods_HeadyEComm.framework */ = {isa = PBXFileReference; explicitFileType = wrapper.framework; includeInIndex = 0; path = Pods_HeadyEComm.framework; sourceTree = BUILT_PRODUCTS_DIR; };
		8C49D1052439EA5300294355 /* HeadyEComm.app */ = {isa = PBXFileReference; explicitFileType = wrapper.application; includeInIndex = 0; path = HeadyEComm.app; sourceTree = BUILT_PRODUCTS_DIR; };
		8C49D1082439EA5300294355 /* AppDelegate.swift */ = {isa = PBXFileReference; lastKnownFileType = sourcecode.swift; path = AppDelegate.swift; sourceTree = "<group>"; };
		8C49D10A2439EA5300294355 /* SceneDelegate.swift */ = {isa = PBXFileReference; lastKnownFileType = sourcecode.swift; path = SceneDelegate.swift; sourceTree = "<group>"; };
		8C49D10C2439EA5300294355 /* ViewController.swift */ = {isa = PBXFileReference; lastKnownFileType = sourcecode.swift; path = ViewController.swift; sourceTree = "<group>"; };
		8C49D10F2439EA5300294355 /* Base */ = {isa = PBXFileReference; lastKnownFileType = file.storyboard; name = Base; path = Base.lproj/Main.storyboard; sourceTree = "<group>"; };
		8C49D1112439EA5700294355 /* Assets.xcassets */ = {isa = PBXFileReference; lastKnownFileType = folder.assetcatalog; path = Assets.xcassets; sourceTree = "<group>"; };
		8C49D1142439EA5700294355 /* Base */ = {isa = PBXFileReference; lastKnownFileType = file.storyboard; name = Base; path = Base.lproj/LaunchScreen.storyboard; sourceTree = "<group>"; };
		8C49D1162439EA5700294355 /* Info.plist */ = {isa = PBXFileReference; lastKnownFileType = text.plist.xml; path = Info.plist; sourceTree = "<group>"; };
		8C49D11B2439EA5700294355 /* HeadyECommTests.xctest */ = {isa = PBXFileReference; explicitFileType = wrapper.cfbundle; includeInIndex = 0; path = HeadyECommTests.xctest; sourceTree = BUILT_PRODUCTS_DIR; };
		8C49D11F2439EA5700294355 /* HeadyECommTests.swift */ = {isa = PBXFileReference; lastKnownFileType = sourcecode.swift; path = HeadyECommTests.swift; sourceTree = "<group>"; };
		8C49D1212439EA5700294355 /* Info.plist */ = {isa = PBXFileReference; lastKnownFileType = text.plist.xml; path = Info.plist; sourceTree = "<group>"; };
		8C49D1262439EA5800294355 /* HeadyECommUITests.xctest */ = {isa = PBXFileReference; explicitFileType = wrapper.cfbundle; includeInIndex = 0; path = HeadyECommUITests.xctest; sourceTree = BUILT_PRODUCTS_DIR; };
		8C49D12A2439EA5800294355 /* HeadyECommUITests.swift */ = {isa = PBXFileReference; lastKnownFileType = sourcecode.swift; path = HeadyECommUITests.swift; sourceTree = "<group>"; };
		8C49D12C2439EA5800294355 /* Info.plist */ = {isa = PBXFileReference; lastKnownFileType = text.plist.xml; path = Info.plist; sourceTree = "<group>"; };
		8C571F392439FCCF00409DC4 /* Product.swift */ = {isa = PBXFileReference; lastKnownFileType = sourcecode.swift; name = Product.swift; path = HeadyEComm/Product.swift; sourceTree = SOURCE_ROOT; };
		8C571F3B2439FCED00409DC4 /* Category.swift */ = {isa = PBXFileReference; lastKnownFileType = sourcecode.swift; path = Category.swift; sourceTree = "<group>"; };
		8C571F3D2439FD0100409DC4 /* Ranking.swift */ = {isa = PBXFileReference; lastKnownFileType = sourcecode.swift; path = Ranking.swift; sourceTree = "<group>"; };
		8C571F3F2439FD0B00409DC4 /* Variant.swift */ = {isa = PBXFileReference; lastKnownFileType = sourcecode.swift; path = Variant.swift; sourceTree = "<group>"; };
		8CC8820F243A032E0090F204 /* Tax.swift */ = {isa = PBXFileReference; lastKnownFileType = sourcecode.swift; path = Tax.swift; sourceTree = "<group>"; };
		8CC88211243A12CA0090F204 /* Inventory.swift */ = {isa = PBXFileReference; lastKnownFileType = sourcecode.swift; path = Inventory.swift; sourceTree = "<group>"; };
		8CC88213243A7D340090F204 /* Operations.swift */ = {isa = PBXFileReference; lastKnownFileType = sourcecode.swift; path = Operations.swift; sourceTree = "<group>"; };
/* End PBXFileReference section */

/* Begin PBXFrameworksBuildPhase section */
		8C49D1022439EA5300294355 /* Frameworks */ = {
			isa = PBXFrameworksBuildPhase;
			buildActionMask = 2147483647;
			files = (
				E5BF48B7E801631D72D62FB6 /* Pods_HeadyEComm.framework in Frameworks */,
			);
			runOnlyForDeploymentPostprocessing = 0;
		};
		8C49D1182439EA5700294355 /* Frameworks */ = {
			isa = PBXFrameworksBuildPhase;
			buildActionMask = 2147483647;
			files = (
			);
			runOnlyForDeploymentPostprocessing = 0;
		};
		8C49D1232439EA5800294355 /* Frameworks */ = {
			isa = PBXFrameworksBuildPhase;
			buildActionMask = 2147483647;
			files = (
			);
			runOnlyForDeploymentPostprocessing = 0;
		};
/* End PBXFrameworksBuildPhase section */

/* Begin PBXGroup section */
		438601B15B6CBDDBD37C275B /* Frameworks */ = {
			isa = PBXGroup;
			children = (
				5DCCB6BFA7B2D75575ED5BE2 /* Pods_HeadyEComm.framework */,
			);
			name = Frameworks;
			sourceTree = "<group>";
		};
		5D754118C6BF18EF470E8B73 /* Pods */ = {
			isa = PBXGroup;
			children = (
				33C0729CE108DCDFB29EFAF5 /* Pods-HeadyEComm.debug.xcconfig */,
				460BC2C2671107BAF891BBFA /* Pods-HeadyEComm.release.xcconfig */,
			);
			path = Pods;
			sourceTree = "<group>";
		};
		8C49D0FC2439EA5300294355 = {
			isa = PBXGroup;
			children = (
				8C49D1072439EA5300294355 /* HeadyEComm */,
				8C49D11E2439EA5700294355 /* HeadyECommTests */,
				8C49D1292439EA5800294355 /* HeadyECommUITests */,
				8C49D1062439EA5300294355 /* Products */,
				5D754118C6BF18EF470E8B73 /* Pods */,
				438601B15B6CBDDBD37C275B /* Frameworks */,
			);
			sourceTree = "<group>";
		};
		8C49D1062439EA5300294355 /* Products */ = {
			isa = PBXGroup;
			children = (
				8C49D1052439EA5300294355 /* HeadyEComm.app */,
				8C49D11B2439EA5700294355 /* HeadyECommTests.xctest */,
				8C49D1262439EA5800294355 /* HeadyECommUITests.xctest */,
			);
			name = Products;
			sourceTree = "<group>";
		};
		8C49D1072439EA5300294355 /* HeadyEComm */ = {
			isa = PBXGroup;
			children = (
				8C571F382439FCC000409DC4 /* Models */,
				8C49D1082439EA5300294355 /* AppDelegate.swift */,
				8C49D10A2439EA5300294355 /* SceneDelegate.swift */,
				8C49D10C2439EA5300294355 /* ViewController.swift */,
				8C49D10E2439EA5300294355 /* Main.storyboard */,
				8C49D1112439EA5700294355 /* Assets.xcassets */,
				8C49D1132439EA5700294355 /* LaunchScreen.storyboard */,
				8C49D1162439EA5700294355 /* Info.plist */,
				8CC88213243A7D340090F204 /* Operations.swift */,
			);
			path = HeadyEComm;
			sourceTree = "<group>";
		};
		8C49D11E2439EA5700294355 /* HeadyECommTests */ = {
			isa = PBXGroup;
			children = (
				8C49D11F2439EA5700294355 /* HeadyECommTests.swift */,
				8C49D1212439EA5700294355 /* Info.plist */,
			);
			path = HeadyECommTests;
			sourceTree = "<group>";
		};
		8C49D1292439EA5800294355 /* HeadyECommUITests */ = {
			isa = PBXGroup;
			children = (
				8C49D12A2439EA5800294355 /* HeadyECommUITests.swift */,
				8C49D12C2439EA5800294355 /* Info.plist */,
			);
			path = HeadyECommUITests;
			sourceTree = "<group>";
		};
		8C571F382439FCC000409DC4 /* Models */ = {
			isa = PBXGroup;
			children = (
				8C571F392439FCCF00409DC4 /* Product.swift */,
				8C571F3B2439FCED00409DC4 /* Category.swift */,
				8C571F3D2439FD0100409DC4 /* Ranking.swift */,
				8C571F3F2439FD0B00409DC4 /* Variant.swift */,
				8CC8820F243A032E0090F204 /* Tax.swift */,
				8CC88211243A12CA0090F204 /* Inventory.swift */,
			);
			path = Models;
			sourceTree = "<group>";
		};
/* End PBXGroup section */

/* Begin PBXNativeTarget section */
		8C49D1042439EA5300294355 /* HeadyEComm */ = {
			isa = PBXNativeTarget;
			buildConfigurationList = 8C49D12F2439EA5800294355 /* Build configuration list for PBXNativeTarget "HeadyEComm" */;
			buildPhases = (
				A34A39037F49AE71B5D20F39 /* [CP] Check Pods Manifest.lock */,
				8C49D1012439EA5300294355 /* Sources */,
				8C49D1022439EA5300294355 /* Frameworks */,
				8C49D1032439EA5300294355 /* Resources */,
				37473AD5BB2453BC42F841A2 /* [CP] Embed Pods Frameworks */,
			);
			buildRules = (
			);
			dependencies = (
			);
			name = HeadyEComm;
			productName = HeadyEComm;
			productReference = 8C49D1052439EA5300294355 /* HeadyEComm.app */;
			productType = "com.apple.product-type.application";
		};
		8C49D11A2439EA5700294355 /* HeadyECommTests */ = {
			isa = PBXNativeTarget;
			buildConfigurationList = 8C49D1322439EA5800294355 /* Build configuration list for PBXNativeTarget "HeadyECommTests" */;
			buildPhases = (
				8C49D1172439EA5700294355 /* Sources */,
				8C49D1182439EA5700294355 /* Frameworks */,
				8C49D1192439EA5700294355 /* Resources */,
			);
			buildRules = (
			);
			dependencies = (
				8C49D11D2439EA5700294355 /* PBXTargetDependency */,
			);
			name = HeadyECommTests;
			productName = HeadyECommTests;
			productReference = 8C49D11B2439EA5700294355 /* HeadyECommTests.xctest */;
			productType = "com.apple.product-type.bundle.unit-test";
		};
		8C49D1252439EA5800294355 /* HeadyECommUITests */ = {
			isa = PBXNativeTarget;
			buildConfigurationList = 8C49D1352439EA5800294355 /* Build configuration list for PBXNativeTarget "HeadyECommUITests" */;
			buildPhases = (
				8C49D1222439EA5800294355 /* Sources */,
				8C49D1232439EA5800294355 /* Frameworks */,
				8C49D1242439EA5800294355 /* Resources */,
			);
			buildRules = (
			);
			dependencies = (
				8C49D1282439EA5800294355 /* PBXTargetDependency */,
			);
			name = HeadyECommUITests;
			productName = HeadyECommUITests;
			productReference = 8C49D1262439EA5800294355 /* HeadyECommUITests.xctest */;
			productType = "com.apple.product-type.bundle.ui-testing";
		};
/* End PBXNativeTarget section */

/* Begin PBXProject section */
		8C49D0FD2439EA5300294355 /* Project object */ = {
			isa = PBXProject;
			attributes = {
				LastSwiftUpdateCheck = 1140;
				LastUpgradeCheck = 1140;
				ORGANIZATIONNAME = "Keval Shah";
				TargetAttributes = {
					8C49D1042439EA5300294355 = {
						CreatedOnToolsVersion = 11.4;
					};
					8C49D11A2439EA5700294355 = {
						CreatedOnToolsVersion = 11.4;
						TestTargetID = 8C49D1042439EA5300294355;
					};
					8C49D1252439EA5800294355 = {
						CreatedOnToolsVersion = 11.4;
						TestTargetID = 8C49D1042439EA5300294355;
					};
				};
			};
			buildConfigurationList = 8C49D1002439EA5300294355 /* Build configuration list for PBXProject "HeadyEComm" */;
			compatibilityVersion = "Xcode 9.3";
			developmentRegion = en;
			hasScannedForEncodings = 0;
			knownRegions = (
				en,
				Base,
			);
			mainGroup = 8C49D0FC2439EA5300294355;
			productRefGroup = 8C49D1062439EA5300294355 /* Products */;
			projectDirPath = "";
			projectRoot = "";
			targets = (
				8C49D1042439EA5300294355 /* HeadyEComm */,
				8C49D11A2439EA5700294355 /* HeadyECommTests */,
				8C49D1252439EA5800294355 /* HeadyECommUITests */,
			);
		};
/* End PBXProject section */

/* Begin PBXResourcesBuildPhase section */
		8C49D1032439EA5300294355 /* Resources */ = {
			isa = PBXResourcesBuildPhase;
			buildActionMask = 2147483647;
			files = (
				8C49D1152439EA5700294355 /* LaunchScreen.storyboard in Resources */,
				8C49D1122439EA5700294355 /* Assets.xcassets in Resources */,
				8C49D1102439EA5300294355 /* Main.storyboard in Resources */,
			);
			runOnlyForDeploymentPostprocessing = 0;
		};
		8C49D1192439EA5700294355 /* Resources */ = {
			isa = PBXResourcesBuildPhase;
			buildActionMask = 2147483647;
			files = (
			);
			runOnlyForDeploymentPostprocessing = 0;
		};
		8C49D1242439EA5800294355 /* Resources */ = {
			isa = PBXResourcesBuildPhase;
			buildActionMask = 2147483647;
			files = (
			);
			runOnlyForDeploymentPostprocessing = 0;
		};
/* End PBXResourcesBuildPhase section */

/* Begin PBXShellScriptBuildPhase section */
		37473AD5BB2453BC42F841A2 /* [CP] Embed Pods Frameworks */ = {
			isa = PBXShellScriptBuildPhase;
			buildActionMask = 2147483647;
			files = (
			);
			inputFileListPaths = (
				"${PODS_ROOT}/Target Support Files/Pods-HeadyEComm/Pods-HeadyEComm-frameworks-${CONFIGURATION}-input-files.xcfilelist",
			);
			name = "[CP] Embed Pods Frameworks";
			outputFileListPaths = (
				"${PODS_ROOT}/Target Support Files/Pods-HeadyEComm/Pods-HeadyEComm-frameworks-${CONFIGURATION}-output-files.xcfilelist",
			);
			runOnlyForDeploymentPostprocessing = 0;
			shellPath = /bin/sh;
			shellScript = "\"${PODS_ROOT}/Target Support Files/Pods-HeadyEComm/Pods-HeadyEComm-frameworks.sh\"\n";
			showEnvVarsInLog = 0;
		};
		A34A39037F49AE71B5D20F39 /* [CP] Check Pods Manifest.lock */ = {
			isa = PBXShellScriptBuildPhase;
			buildActionMask = 2147483647;
			files = (
			);
			inputFileListPaths = (
			);
			inputPaths = (
				"${PODS_PODFILE_DIR_PATH}/Podfile.lock",
				"${PODS_ROOT}/Manifest.lock",
			);
			name = "[CP] Check Pods Manifest.lock";
			outputFileListPaths = (
			);
			outputPaths = (
				"$(DERIVED_FILE_DIR)/Pods-HeadyEComm-checkManifestLockResult.txt",
			);
			runOnlyForDeploymentPostprocessing = 0;
			shellPath = /bin/sh;
			shellScript = "diff \"${PODS_PODFILE_DIR_PATH}/Podfile.lock\" \"${PODS_ROOT}/Manifest.lock\" > /dev/null\nif [ $? != 0 ] ; then\n    # print error to STDERR\n    echo \"error: The sandbox is not in sync with the Podfile.lock. Run 'pod install' or update your CocoaPods installation.\" >&2\n    exit 1\nfi\n# This output is used by Xcode 'outputs' to avoid re-running this script phase.\necho \"SUCCESS\" > \"${SCRIPT_OUTPUT_FILE_0}\"\n";
			showEnvVarsInLog = 0;
		};
/* End PBXShellScriptBuildPhase section */

/* Begin PBXSourcesBuildPhase section */
		8C49D1012439EA5300294355 /* Sources */ = {
			isa = PBXSourcesBuildPhase;
			buildActionMask = 2147483647;
			files = (
				8C49D10D2439EA5300294355 /* ViewController.swift in Sources */,
				8CC88210243A032E0090F204 /* Tax.swift in Sources */,
				8C571F3C2439FCED00409DC4 /* Category.swift in Sources */,
				8CC88212243A12CA0090F204 /* Inventory.swift in Sources */,
				8C571F3A2439FCCF00409DC4 /* Product.swift in Sources */,
				8C49D1092439EA5300294355 /* AppDelegate.swift in Sources */,
				8C571F3E2439FD0100409DC4 /* Ranking.swift in Sources */,
				8C571F402439FD0B00409DC4 /* Variant.swift in Sources */,
				8C49D10B2439EA5300294355 /* SceneDelegate.swift in Sources */,
				8CC88214243A7D340090F204 /* Operations.swift in Sources */,
			);
			runOnlyForDeploymentPostprocessing = 0;
		};
		8C49D1172439EA5700294355 /* Sources */ = {
			isa = PBXSourcesBuildPhase;
			buildActionMask = 2147483647;
			files = (
				8C49D1202439EA5700294355 /* HeadyECommTests.swift in Sources */,
			);
			runOnlyForDeploymentPostprocessing = 0;
		};
		8C49D1222439EA5800294355 /* Sources */ = {
			isa = PBXSourcesBuildPhase;
			buildActionMask = 2147483647;
			files = (
				8C49D12B2439EA5800294355 /* HeadyECommUITests.swift in Sources */,
			);
			runOnlyForDeploymentPostprocessing = 0;
		};
/* End PBXSourcesBuildPhase section */

/* Begin PBXTargetDependency section */
		8C49D11D2439EA5700294355 /* PBXTargetDependency */ = {
			isa = PBXTargetDependency;
			target = 8C49D1042439EA5300294355 /* HeadyEComm */;
			targetProxy = 8C49D11C2439EA5700294355 /* PBXContainerItemProxy */;
		};
		8C49D1282439EA5800294355 /* PBXTargetDependency */ = {
			isa = PBXTargetDependency;
			target = 8C49D1042439EA5300294355 /* HeadyEComm */;
			targetProxy = 8C49D1272439EA5800294355 /* PBXContainerItemProxy */;
		};
/* End PBXTargetDependency section */

/* Begin PBXVariantGroup section */
		8C49D10E2439EA5300294355 /* Main.storyboard */ = {
			isa = PBXVariantGroup;
			children = (
				8C49D10F2439EA5300294355 /* Base */,
			);
			name = Main.storyboard;
			sourceTree = "<group>";
		};
		8C49D1132439EA5700294355 /* LaunchScreen.storyboard */ = {
			isa = PBXVariantGroup;
			children = (
				8C49D1142439EA5700294355 /* Base */,
			);
			name = LaunchScreen.storyboard;
			sourceTree = "<group>";
		};
/* End PBXVariantGroup section */

/* Begin XCBuildConfiguration section */
		8C49D12D2439EA5800294355 /* Debug */ = {
			isa = XCBuildConfiguration;
			buildSettings = {
				ALWAYS_SEARCH_USER_PATHS = NO;
				CLANG_ANALYZER_NONNULL = YES;
				CLANG_ANALYZER_NUMBER_OBJECT_CONVERSION = YES_AGGRESSIVE;
				CLANG_CXX_LANGUAGE_STANDARD = "gnu++14";
				CLANG_CXX_LIBRARY = "libc++";
				CLANG_ENABLE_MODULES = YES;
				CLANG_ENABLE_OBJC_ARC = YES;
				CLANG_ENABLE_OBJC_WEAK = YES;
				CLANG_WARN_BLOCK_CAPTURE_AUTORELEASING = YES;
				CLANG_WARN_BOOL_CONVERSION = YES;
				CLANG_WARN_COMMA = YES;
				CLANG_WARN_CONSTANT_CONVERSION = YES;
				CLANG_WARN_DEPRECATED_OBJC_IMPLEMENTATIONS = YES;
				CLANG_WARN_DIRECT_OBJC_ISA_USAGE = YES_ERROR;
				CLANG_WARN_DOCUMENTATION_COMMENTS = YES;
				CLANG_WARN_EMPTY_BODY = YES;
				CLANG_WARN_ENUM_CONVERSION = YES;
				CLANG_WARN_INFINITE_RECURSION = YES;
				CLANG_WARN_INT_CONVERSION = YES;
				CLANG_WARN_NON_LITERAL_NULL_CONVERSION = YES;
				CLANG_WARN_OBJC_IMPLICIT_RETAIN_SELF = YES;
				CLANG_WARN_OBJC_LITERAL_CONVERSION = YES;
				CLANG_WARN_OBJC_ROOT_CLASS = YES_ERROR;
				CLANG_WARN_RANGE_LOOP_ANALYSIS = YES;
				CLANG_WARN_STRICT_PROTOTYPES = YES;
				CLANG_WARN_SUSPICIOUS_MOVE = YES;
				CLANG_WARN_UNGUARDED_AVAILABILITY = YES_AGGRESSIVE;
				CLANG_WARN_UNREACHABLE_CODE = YES;
				CLANG_WARN__DUPLICATE_METHOD_MATCH = YES;
				COPY_PHASE_STRIP = NO;
				DEBUG_INFORMATION_FORMAT = dwarf;
				ENABLE_STRICT_OBJC_MSGSEND = YES;
				ENABLE_TESTABILITY = YES;
				GCC_C_LANGUAGE_STANDARD = gnu11;
				GCC_DYNAMIC_NO_PIC = NO;
				GCC_NO_COMMON_BLOCKS = YES;
				GCC_OPTIMIZATION_LEVEL = 0;
				GCC_PREPROCESSOR_DEFINITIONS = (
					"DEBUG=1",
					"$(inherited)",
				);
				GCC_WARN_64_TO_32_BIT_CONVERSION = YES;
				GCC_WARN_ABOUT_RETURN_TYPE = YES_ERROR;
				GCC_WARN_UNDECLARED_SELECTOR = YES;
				GCC_WARN_UNINITIALIZED_AUTOS = YES_AGGRESSIVE;
				GCC_WARN_UNUSED_FUNCTION = YES;
				GCC_WARN_UNUSED_VARIABLE = YES;
				IPHONEOS_DEPLOYMENT_TARGET = 13.4;
				MTL_ENABLE_DEBUG_INFO = INCLUDE_SOURCE;
				MTL_FAST_MATH = YES;
				ONLY_ACTIVE_ARCH = YES;
				SDKROOT = iphoneos;
				SWIFT_ACTIVE_COMPILATION_CONDITIONS = DEBUG;
				SWIFT_OPTIMIZATION_LEVEL = "-Onone";
			};
			name = Debug;
		};
		8C49D12E2439EA5800294355 /* Release */ = {
			isa = XCBuildConfiguration;
			buildSettings = {
				ALWAYS_SEARCH_USER_PATHS = NO;
				CLANG_ANALYZER_NONNULL = YES;
				CLANG_ANALYZER_NUMBER_OBJECT_CONVERSION = YES_AGGRESSIVE;
				CLANG_CXX_LANGUAGE_STANDARD = "gnu++14";
				CLANG_CXX_LIBRARY = "libc++";
				CLANG_ENABLE_MODULES = YES;
				CLANG_ENABLE_OBJC_ARC = YES;
				CLANG_ENABLE_OBJC_WEAK = YES;
				CLANG_WARN_BLOCK_CAPTURE_AUTORELEASING = YES;
				CLANG_WARN_BOOL_CONVERSION = YES;
				CLANG_WARN_COMMA = YES;
				CLANG_WARN_CONSTANT_CONVERSION = YES;
				CLANG_WARN_DEPRECATED_OBJC_IMPLEMENTATIONS = YES;
				CLANG_WARN_DIRECT_OBJC_ISA_USAGE = YES_ERROR;
				CLANG_WARN_DOCUMENTATION_COMMENTS = YES;
				CLANG_WARN_EMPTY_BODY = YES;
				CLANG_WARN_ENUM_CONVERSION = YES;
				CLANG_WARN_INFINITE_RECURSION = YES;
				CLANG_WARN_INT_CONVERSION = YES;
				CLANG_WARN_NON_LITERAL_NULL_CONVERSION = YES;
				CLANG_WARN_OBJC_IMPLICIT_RETAIN_SELF = YES;
				CLANG_WARN_OBJC_LITERAL_CONVERSION = YES;
				CLANG_WARN_OBJC_ROOT_CLASS = YES_ERROR;
				CLANG_WARN_RANGE_LOOP_ANALYSIS = YES;
				CLANG_WARN_STRICT_PROTOTYPES = YES;
				CLANG_WARN_SUSPICIOUS_MOVE = YES;
				CLANG_WARN_UNGUARDED_AVAILABILITY = YES_AGGRESSIVE;
				CLANG_WARN_UNREACHABLE_CODE = YES;
				CLANG_WARN__DUPLICATE_METHOD_MATCH = YES;
				COPY_PHASE_STRIP = NO;
				DEBUG_INFORMATION_FORMAT = "dwarf-with-dsym";
				ENABLE_NS_ASSERTIONS = NO;
				ENABLE_STRICT_OBJC_MSGSEND = YES;
				GCC_C_LANGUAGE_STANDARD = gnu11;
				GCC_NO_COMMON_BLOCKS = YES;
				GCC_WARN_64_TO_32_BIT_CONVERSION = YES;
				GCC_WARN_ABOUT_RETURN_TYPE = YES_ERROR;
				GCC_WARN_UNDECLARED_SELECTOR = YES;
				GCC_WARN_UNINITIALIZED_AUTOS = YES_AGGRESSIVE;
				GCC_WARN_UNUSED_FUNCTION = YES;
				GCC_WARN_UNUSED_VARIABLE = YES;
				IPHONEOS_DEPLOYMENT_TARGET = 13.4;
				MTL_ENABLE_DEBUG_INFO = NO;
				MTL_FAST_MATH = YES;
				SDKROOT = iphoneos;
				SWIFT_COMPILATION_MODE = wholemodule;
				SWIFT_OPTIMIZATION_LEVEL = "-O";
				VALIDATE_PRODUCT = YES;
			};
			name = Release;
		};
		8C49D1302439EA5800294355 /* Debug */ = {
			isa = XCBuildConfiguration;
			baseConfigurationReference = 33C0729CE108DCDFB29EFAF5 /* Pods-HeadyEComm.debug.xcconfig */;
			buildSettings = {
				ASSETCATALOG_COMPILER_APPICON_NAME = AppIcon;
				CODE_SIGN_STYLE = Automatic;
				DEVELOPMENT_TEAM = Z88J4MX4AQ;
				INFOPLIST_FILE = HeadyEComm/Info.plist;
				LD_RUNPATH_SEARCH_PATHS = (
					"$(inherited)",
					"@executable_path/Frameworks",
				);
				PRODUCT_BUNDLE_IDENTIFIER = com.TechTask.HeadyEComm;
				PRODUCT_NAME = "$(TARGET_NAME)";
				SWIFT_VERSION = 5.0;
				TARGETED_DEVICE_FAMILY = "1,2";
			};
			name = Debug;
		};
		8C49D1312439EA5800294355 /* Release */ = {
			isa = XCBuildConfiguration;
			baseConfigurationReference = 460BC2C2671107BAF891BBFA /* Pods-HeadyEComm.release.xcconfig */;
			buildSettings = {
				ASSETCATALOG_COMPILER_APPICON_NAME = AppIcon;
				CODE_SIGN_STYLE = Automatic;
				DEVELOPMENT_TEAM = Z88J4MX4AQ;
				INFOPLIST_FILE = HeadyEComm/Info.plist;
				LD_RUNPATH_SEARCH_PATHS = (
					"$(inherited)",
					"@executable_path/Frameworks",
				);
				PRODUCT_BUNDLE_IDENTIFIER = com.TechTask.HeadyEComm;
				PRODUCT_NAME = "$(TARGET_NAME)";
				SWIFT_VERSION = 5.0;
				TARGETED_DEVICE_FAMILY = "1,2";
			};
			name = Release;
		};
		8C49D1332439EA5800294355 /* Debug */ = {
			isa = XCBuildConfiguration;
			buildSettings = {
				ALWAYS_EMBED_SWIFT_STANDARD_LIBRARIES = YES;
				BUNDLE_LOADER = "$(TEST_HOST)";
				CODE_SIGN_STYLE = Automatic;
				DEVELOPMENT_TEAM = Z88J4MX4AQ;
				INFOPLIST_FILE = HeadyECommTests/Info.plist;
				IPHONEOS_DEPLOYMENT_TARGET = 13.4;
				LD_RUNPATH_SEARCH_PATHS = (
					"$(inherited)",
					"@executable_path/Frameworks",
					"@loader_path/Frameworks",
				);
				PRODUCT_BUNDLE_IDENTIFIER = com.TechTask.HeadyECommTests;
				PRODUCT_NAME = "$(TARGET_NAME)";
				SWIFT_VERSION = 5.0;
				TARGETED_DEVICE_FAMILY = "1,2";
				TEST_HOST = "$(BUILT_PRODUCTS_DIR)/HeadyEComm.app/HeadyEComm";
			};
			name = Debug;
		};
		8C49D1342439EA5800294355 /* Release */ = {
			isa = XCBuildConfiguration;
			buildSettings = {
				ALWAYS_EMBED_SWIFT_STANDARD_LIBRARIES = YES;
				BUNDLE_LOADER = "$(TEST_HOST)";
				CODE_SIGN_STYLE = Automatic;
				DEVELOPMENT_TEAM = Z88J4MX4AQ;
				INFOPLIST_FILE = HeadyECommTests/Info.plist;
				IPHONEOS_DEPLOYMENT_TARGET = 13.4;
				LD_RUNPATH_SEARCH_PATHS = (
					"$(inherited)",
					"@executable_path/Frameworks",
					"@loader_path/Frameworks",
				);
				PRODUCT_BUNDLE_IDENTIFIER = com.TechTask.HeadyECommTests;
				PRODUCT_NAME = "$(TARGET_NAME)";
				SWIFT_VERSION = 5.0;
				TARGETED_DEVICE_FAMILY = "1,2";
				TEST_HOST = "$(BUILT_PRODUCTS_DIR)/HeadyEComm.app/HeadyEComm";
			};
			name = Release;
		};
		8C49D1362439EA5800294355 /* Debug */ = {
			isa = XCBuildConfiguration;
			buildSettings = {
				ALWAYS_EMBED_SWIFT_STANDARD_LIBRARIES = YES;
				CODE_SIGN_STYLE = Automatic;
				DEVELOPMENT_TEAM = Z88J4MX4AQ;
				INFOPLIST_FILE = HeadyECommUITests/Info.plist;
				LD_RUNPATH_SEARCH_PATHS = (
					"$(inherited)",
					"@executable_path/Frameworks",
					"@loader_path/Frameworks",
				);
				PRODUCT_BUNDLE_IDENTIFIER = com.TechTask.HeadyECommUITests;
				PRODUCT_NAME = "$(TARGET_NAME)";
				SWIFT_VERSION = 5.0;
				TARGETED_DEVICE_FAMILY = "1,2";
				TEST_TARGET_NAME = HeadyEComm;
			};
			name = Debug;
		};
		8C49D1372439EA5800294355 /* Release */ = {
			isa = XCBuildConfiguration;
			buildSettings = {
				ALWAYS_EMBED_SWIFT_STANDARD_LIBRARIES = YES;
				CODE_SIGN_STYLE = Automatic;
				DEVELOPMENT_TEAM = Z88J4MX4AQ;
				INFOPLIST_FILE = HeadyECommUITests/Info.plist;
				LD_RUNPATH_SEARCH_PATHS = (
					"$(inherited)",
					"@executable_path/Frameworks",
					"@loader_path/Frameworks",
				);
				PRODUCT_BUNDLE_IDENTIFIER = com.TechTask.HeadyECommUITests;
				PRODUCT_NAME = "$(TARGET_NAME)";
				SWIFT_VERSION = 5.0;
				TARGETED_DEVICE_FAMILY = "1,2";
				TEST_TARGET_NAME = HeadyEComm;
			};
			name = Release;
		};
/* End XCBuildConfiguration section */

/* Begin XCConfigurationList section */
		8C49D1002439EA5300294355 /* Build configuration list for PBXProject "HeadyEComm" */ = {
			isa = XCConfigurationList;
			buildConfigurations = (
				8C49D12D2439EA5800294355 /* Debug */,
				8C49D12E2439EA5800294355 /* Release */,
			);
			defaultConfigurationIsVisible = 0;
			defaultConfigurationName = Release;
		};
		8C49D12F2439EA5800294355 /* Build configuration list for PBXNativeTarget "HeadyEComm" */ = {
			isa = XCConfigurationList;
			buildConfigurations = (
				8C49D1302439EA5800294355 /* Debug */,
				8C49D1312439EA5800294355 /* Release */,
			);
			defaultConfigurationIsVisible = 0;
			defaultConfigurationName = Release;
		};
		8C49D1322439EA5800294355 /* Build configuration list for PBXNativeTarget "HeadyECommTests" */ = {
			isa = XCConfigurationList;
			buildConfigurations = (
				8C49D1332439EA5800294355 /* Debug */,
				8C49D1342439EA5800294355 /* Release */,
			);
			defaultConfigurationIsVisible = 0;
			defaultConfigurationName = Release;
		};
		8C49D1352439EA5800294355 /* Build configuration list for PBXNativeTarget "HeadyECommUITests" */ = {
			isa = XCConfigurationList;
			buildConfigurations = (
				8C49D1362439EA5800294355 /* Debug */,
				8C49D1372439EA5800294355 /* Release */,
			);
			defaultConfigurationIsVisible = 0;
			defaultConfigurationName = Release;
		};
/* End XCConfigurationList section */
	};
	rootObject = 8C49D0FD2439EA5300294355 /* Project object */;
}
